
Microsoft Visual Studio Solution File, Format Version 12.00
# Visual Studio Version 17
VisualStudioVersion = 17.0.31903.59
MinimumVisualStudioVersion = 10.0.40219.1
Project("{2150E333-8FDC-42A3-9474-1A3956D46DE8}") = "src", "src", "{F98253D7-80AA-4F21-9750-4EA393BD77E4}"
EndProject
Project("{2150E333-8FDC-42A3-9474-1A3956D46DE8}") = "tests", "tests", "{48C1C6B2-5556-424D-80DE-40E9188762A5}"
EndProject
Project("{FAE04EC0-301F-11D3-BF4B-00C04F79EFBC}") = "MiniUrl.Api", "src\MiniUrl.Api\MiniUrl.Api.csproj", "{313117DB-7356-423C-A3CF-6C7F1929761E}"
EndProject
Project("{FAE04EC0-301F-11D3-BF4B-00C04F79EFBC}") = "MiniUrl.Application", "src\MiniUrl.Application\MiniUrl.Application.csproj", "{207A3599-1FF9-4FA1-94E8-CD1C9193A74B}"
EndProject
Project("{FAE04EC0-301F-11D3-BF4B-00C04F79EFBC}") = "MiniUrl.Domain", "src\MiniUrl.Domain\MiniUrl.Domain.csproj", "{FA7E1392-018E-450A-9BDB-7DE8AFFEAEFB}"
EndProject
Project("{FAE04EC0-301F-11D3-BF4B-00C04F79EFBC}") = "MiniUrl.Infrastructure", "src\MiniUrl.Infrastructure\MiniUrl.Infrastructure.csproj", "{1695147F-24DE-46CE-A103-C24EC84D6024}"
EndProject
Global
	GlobalSection(SolutionConfigurationPlatforms) = preSolution
		Debug|Any CPU = Debug|Any CPU
		Release|Any CPU = Release|Any CPU
	EndGlobalSection
	GlobalSection(SolutionProperties) = preSolution
		HideSolutionNode = FALSE
	EndGlobalSection
	GlobalSection(NestedProjects) = preSolution
		{313117DB-7356-423C-A3CF-6C7F1929761E} = {F98253D7-80AA-4F21-9750-4EA393BD77E4}
		{207A3599-1FF9-4FA1-94E8-CD1C9193A74B} = {F98253D7-80AA-4F21-9750-4EA393BD77E4}
		{FA7E1392-018E-450A-9BDB-7DE8AFFEAEFB} = {F98253D7-80AA-4F21-9750-4EA393BD77E4}
		{1695147F-24DE-46CE-A103-C24EC84D6024} = {F98253D7-80AA-4F21-9750-4EA393BD77E4}
	EndGlobalSection
	GlobalSection(ProjectConfigurationPlatforms) = postSolution
		{313117DB-7356-423C-A3CF-6C7F1929761E}.Debug|Any CPU.ActiveCfg = Debug|Any CPU
		{313117DB-7356-423C-A3CF-6C7F1929761E}.Debug|Any CPU.Build.0 = Debug|Any CPU
		{313117DB-7356-423C-A3CF-6C7F1929761E}.Release|Any CPU.ActiveCfg = Release|Any CPU
		{313117DB-7356-423C-A3CF-6C7F1929761E}.Release|Any CPU.Build.0 = Release|Any CPU
		{207A3599-1FF9-4FA1-94E8-CD1C9193A74B}.Debug|Any CPU.ActiveCfg = Debug|Any CPU
		{207A3599-1FF9-4FA1-94E8-CD1C9193A74B}.Debug|Any CPU.Build.0 = Debug|Any CPU
		{207A3599-1FF9-4FA1-94E8-CD1C9193A74B}.Release|Any CPU.ActiveCfg = Release|Any CPU
		{207A3599-1FF9-4FA1-94E8-CD1C9193A74B}.Release|Any CPU.Build.0 = Release|Any CPU
		{FA7E1392-018E-450A-9BDB-7DE8AFFEAEFB}.Debug|Any CPU.ActiveCfg = Debug|Any CPU
		{FA7E1392-018E-450A-9BDB-7DE8AFFEAEFB}.Debug|Any CPU.Build.0 = Debug|Any CPU
		{FA7E1392-018E-450A-9BDB-7DE8AFFEAEFB}.Release|Any CPU.ActiveCfg = Release|Any CPU
		{FA7E1392-018E-450A-9BDB-7DE8AFFEAEFB}.Release|Any CPU.Build.0 = Release|Any CPU
		{1695147F-24DE-46CE-A103-C24EC84D6024}.Debug|Any CPU.ActiveCfg = Debug|Any CPU
		{1695147F-24DE-46CE-A103-C24EC84D6024}.Debug|Any CPU.Build.0 = Debug|Any CPU
		{1695147F-24DE-46CE-A103-C24EC84D6024}.Release|Any CPU.ActiveCfg = Release|Any CPU
		{1695147F-24DE-46CE-A103-C24EC84D6024}.Release|Any CPU.Build.0 = Release|Any CPU
	EndGlobalSection
EndGlobal
